
Microsoft Visual Studio Solution File, Format Version 12.00
# Visual Studio Version 17
VisualStudioVersion = 17.10.35013.160
MinimumVisualStudioVersion = 10.0.40219.1
Project("{9A19103F-16F7-4668-BE54-9A1E7A4F7556}") = "FactoryDbContext", "FactoryDbContext.csproj", "{5AD07128-0B8A-4FF6-9AE8-99AF22123682}"
EndProject
Global
	GlobalSection(SolutionConfigurationPlatforms) = preSolution
		Debug|Any CPU = Debug|Any CPU
		Release|Any CPU = Release|Any CPU
	EndGlobalSection
	GlobalSection(ProjectConfigurationPlatforms) = postSolution
		{5AD07128-0B8A-4FF6-9AE8-99AF22123682}.Debug|Any CPU.ActiveCfg = Debug|Any CPU
		{5AD07128-0B8A-4FF6-9AE8-99AF22123682}.Debug|Any CPU.Build.0 = Debug|Any CPU
		{5AD07128-0B8A-4FF6-9AE8-99AF22123682}.Release|Any CPU.ActiveCfg = Release|Any CPU
		{5AD07128-0B8A-4FF6-9AE8-99AF22123682}.Release|Any CPU.Build.0 = Release|Any CPU
	EndGlobalSection
	GlobalSection(SolutionProperties) = preSolution
		HideSolutionNode = FALSE
	EndGlobalSection
	GlobalSection(ExtensibilityGlobals) = postSolution
		SolutionGuid = {AD1ECF75-E85A-4858-8223-8F1EC981F6F0}
	EndGlobalSection
EndGlobal
